
Microsoft Visual Studio Solution File, Format Version 12.00
# Visual Studio Version 17
VisualStudioVersion = 17.9.34616.47
MinimumVisualStudioVersion = 10.0.40219.1
Project("{9A19103F-16F7-4668-BE54-9A1E7A4F7556}") = "FileWatcherClient", "FileWatcherClient\FileWatcherClient.csproj", "{DB5B7B4A-22D0-40A2-ACA9-4B48F0E3CABF}"
EndProject
Project("{FAE04EC0-301F-11D3-BF4B-00C04F79EFBC}") = "FileWatcherServer", "FileWatcherServer\FileWatcherServer.csproj", "{9ED0A573-F9B8-4223-A243-36568526341D}"
EndProject
Global
	GlobalSection(SolutionConfigurationPlatforms) = preSolution
		Debug|Any CPU = Debug|Any CPU
		Release|Any CPU = Release|Any CPU
	EndGlobalSection
	GlobalSection(ProjectConfigurationPlatforms) = postSolution
		{DB5B7B4A-22D0-40A2-ACA9-4B48F0E3CABF}.Debug|Any CPU.ActiveCfg = Debug|Any CPU
		{DB5B7B4A-22D0-40A2-ACA9-4B48F0E3CABF}.Debug|Any CPU.Build.0 = Debug|Any CPU
		{DB5B7B4A-22D0-40A2-ACA9-4B48F0E3CABF}.Release|Any CPU.ActiveCfg = Release|Any CPU
		{DB5B7B4A-22D0-40A2-ACA9-4B48F0E3CABF}.Release|Any CPU.Build.0 = Release|Any CPU
		{9ED0A573-F9B8-4223-A243-36568526341D}.Debug|Any CPU.ActiveCfg = Debug|Any CPU
		{9ED0A573-F9B8-4223-A243-36568526341D}.Debug|Any CPU.Build.0 = Debug|Any CPU
		{9ED0A573-F9B8-4223-A243-36568526341D}.Release|Any CPU.ActiveCfg = Release|Any CPU
		{9ED0A573-F9B8-4223-A243-36568526341D}.Release|Any CPU.Build.0 = Release|Any CPU
	EndGlobalSection
	GlobalSection(SolutionProperties) = preSolution
		HideSolutionNode = FALSE
	EndGlobalSection
	GlobalSection(ExtensibilityGlobals) = postSolution
		SolutionGuid = {276648D8-B813-478B-8B19-EF209C1E994A}
	EndGlobalSection
EndGlobal
